
Microsoft Visual Studio Solution File, Format Version 12.00
# Visual Studio Version 16
VisualStudioVersion = 16.0.30717.126
MinimumVisualStudioVersion = 10.0.40219.1
Project("{FAE04EC0-301F-11D3-BF4B-00C04F79EFBC}") = "GetInformationWefinex", "GetInformationWefinex\GetInformationWefinex.csproj", "{CDC48834-A6C8-4CC0-970C-34F4F6D02C89}"
EndProject
Global
	GlobalSection(SolutionConfigurationPlatforms) = preSolution
		Debug|Any CPU = Debug|Any CPU
		Release|Any CPU = Release|Any CPU
	EndGlobalSection
	GlobalSection(ProjectConfigurationPlatforms) = postSolution
		{CDC48834-A6C8-4CC0-970C-34F4F6D02C89}.Debug|Any CPU.ActiveCfg = Debug|Any CPU
		{CDC48834-A6C8-4CC0-970C-34F4F6D02C89}.Debug|Any CPU.Build.0 = Debug|Any CPU
		{CDC48834-A6C8-4CC0-970C-34F4F6D02C89}.Release|Any CPU.ActiveCfg = Release|Any CPU
		{CDC48834-A6C8-4CC0-970C-34F4F6D02C89}.Release|Any CPU.Build.0 = Release|Any CPU
	EndGlobalSection
	GlobalSection(SolutionProperties) = preSolution
		HideSolutionNode = FALSE
	EndGlobalSection
	GlobalSection(ExtensibilityGlobals) = postSolution
		SolutionGuid = {A8C4EC61-9122-4355-A246-B1095620FEE6}
	EndGlobalSection
EndGlobal
